
Microsoft Visual Studio Solution File, Format Version 12.00
# Visual Studio Version 16
VisualStudioVersion = 25.0.1705.3
MinimumVisualStudioVersion = 10.0.40219.1
Project("{FAE04EC0-301F-11D3-BF4B-00C04F79EFBC}") = "abod-api-project", "abod-api-project\abod-api-project.csproj", "{DF79A73F-5406-4983-87D9-636BC6A84BC9}"
EndProject
Global
	GlobalSection(SolutionConfigurationPlatforms) = preSolution
		Debug|Any CPU = Debug|Any CPU
		Release|Any CPU = Release|Any CPU
	EndGlobalSection
	GlobalSection(ProjectConfigurationPlatforms) = postSolution
		{DF79A73F-5406-4983-87D9-636BC6A84BC9}.Debug|Any CPU.ActiveCfg = Debug|Any CPU
		{DF79A73F-5406-4983-87D9-636BC6A84BC9}.Debug|Any CPU.Build.0 = Debug|Any CPU
		{DF79A73F-5406-4983-87D9-636BC6A84BC9}.Release|Any CPU.ActiveCfg = Release|Any CPU
		{DF79A73F-5406-4983-87D9-636BC6A84BC9}.Release|Any CPU.Build.0 = Release|Any CPU
	EndGlobalSection
	GlobalSection(SolutionProperties) = preSolution
		HideSolutionNode = FALSE
	EndGlobalSection
	GlobalSection(ExtensibilityGlobals) = postSolution
		SolutionGuid = {6E9494A7-61A5-4A8D-91FA-D01C6527EDB0}
	EndGlobalSection
EndGlobal
